// !$*UTF8*$!
{
	archiveVersion = 1;
	classes = {
	};
	objectVersion = 50;
	objects = {

/* Begin PBXBuildFile section */
		BD0D16CA251CF620005B083B /* TextComponents.swift in Sources */ = {isa = PBXBuildFile; fileRef = BD0D16C9251CF620005B083B /* TextComponents.swift */; };
		BD0D16CD251CF74D005B083B /* Utils.swift in Sources */ = {isa = PBXBuildFile; fileRef = BD0D16CC251CF74D005B083B /* Utils.swift */; };
		BD0D16D2251D1916005B083B /* ImageComponents.swift in Sources */ = {isa = PBXBuildFile; fileRef = BD0D16D1251D1916005B083B /* ImageComponents.swift */; };
		BD0D16D6251D19C7005B083B /* wwoman.jpg in Resources */ = {isa = PBXBuildFile; fileRef = BD0D16D5251D19C7005B083B /* wwoman.jpg */; };
		BD0D16DA251D701F005B083B /* ButtonComponents.swift in Sources */ = {isa = PBXBuildFile; fileRef = BD0D16D9251D701F005B083B /* ButtonComponents.swift */; };
		BD0D16E5251D7372005B083B /* profileIcon.png in Resources */ = {isa = PBXBuildFile; fileRef = BD0D16E4251D7372005B083B /* profileIcon.png */; };
		BD0D16EA251D861B005B083B /* StatePropertiesTest.swift in Sources */ = {isa = PBXBuildFile; fileRef = BD0D16E9251D861B005B083B /* StatePropertiesTest.swift */; };
		BD0D16ED251D8B8C005B083B /* SFSymbolsTest.swift in Sources */ = {isa = PBXBuildFile; fileRef = BD0D16EC251D8B8C005B083B /* SFSymbolsTest.swift */; };
		BD0D16F0251D957D005B083B /* SliderComponent.swift in Sources */ = {isa = PBXBuildFile; fileRef = BD0D16EF251D957D005B083B /* SliderComponent.swift */; };
		BD62532A251D984B001B6B1E /* BindingAndComponents.swift in Sources */ = {isa = PBXBuildFile; fileRef = BD625329251D984B001B6B1E /* BindingAndComponents.swift */; };
		BDBA8025251E4EF70004F2CB /* NavigationViewTests.swift in Sources */ = {isa = PBXBuildFile; fileRef = BDBA8024251E4EF70004F2CB /* NavigationViewTests.swift */; };
		BDBA802E251E73280004F2CB /* ColoredView.swift in Sources */ = {isa = PBXBuildFile; fileRef = BDBA802D251E73280004F2CB /* ColoredView.swift */; };
		BDE5CF4C251CEED30038AE7F /* AppDelegate.swift in Sources */ = {isa = PBXBuildFile; fileRef = BDE5CF4B251CEED30038AE7F /* AppDelegate.swift */; };
		BDE5CF4E251CEED30038AE7F /* SceneDelegate.swift in Sources */ = {isa = PBXBuildFile; fileRef = BDE5CF4D251CEED30038AE7F /* SceneDelegate.swift */; };
		BDE5CF50251CEED30038AE7F /* ContentView.swift in Sources */ = {isa = PBXBuildFile; fileRef = BDE5CF4F251CEED30038AE7F /* ContentView.swift */; };
		BDE5CF52251CEED50038AE7F /* Assets.xcassets in Resources */ = {isa = PBXBuildFile; fileRef = BDE5CF51251CEED50038AE7F /* Assets.xcassets */; };
		BDE5CF55251CEED50038AE7F /* Preview Assets.xcassets in Resources */ = {isa = PBXBuildFile; fileRef = BDE5CF54251CEED50038AE7F /* Preview Assets.xcassets */; };
		BDE5CF58251CEED50038AE7F /* LaunchScreen.storyboard in Resources */ = {isa = PBXBuildFile; fileRef = BDE5CF56251CEED50038AE7F /* LaunchScreen.storyboard */; };
/* End PBXBuildFile section */

/* Begin PBXFileReference section */
		BD0D16C9251CF620005B083B /* TextComponents.swift */ = {isa = PBXFileReference; lastKnownFileType = sourcecode.swift; path = TextComponents.swift; sourceTree = "<group>"; };
		BD0D16CC251CF74D005B083B /* Utils.swift */ = {isa = PBXFileReference; lastKnownFileType = sourcecode.swift; path = Utils.swift; sourceTree = "<group>"; };
		BD0D16D1251D1916005B083B /* ImageComponents.swift */ = {isa = PBXFileReference; lastKnownFileType = sourcecode.swift; path = ImageComponents.swift; sourceTree = "<group>"; };
		BD0D16D5251D19C7005B083B /* wwoman.jpg */ = {isa = PBXFileReference; lastKnownFileType = image.jpeg; path = wwoman.jpg; sourceTree = "<group>"; };
		BD0D16D9251D701F005B083B /* ButtonComponents.swift */ = {isa = PBXFileReference; lastKnownFileType = sourcecode.swift; path = ButtonComponents.swift; sourceTree = "<group>"; };
		BD0D16E4251D7372005B083B /* profileIcon.png */ = {isa = PBXFileReference; lastKnownFileType = image.png; path = profileIcon.png; sourceTree = "<group>"; };
		BD0D16E9251D861B005B083B /* StatePropertiesTest.swift */ = {isa = PBXFileReference; lastKnownFileType = sourcecode.swift; path = StatePropertiesTest.swift; sourceTree = "<group>"; };
		BD0D16EC251D8B8C005B083B /* SFSymbolsTest.swift */ = {isa = PBXFileReference; lastKnownFileType = sourcecode.swift; path = SFSymbolsTest.swift; sourceTree = "<group>"; };
		BD0D16EF251D957D005B083B /* SliderComponent.swift */ = {isa = PBXFileReference; lastKnownFileType = sourcecode.swift; path = SliderComponent.swift; sourceTree = "<group>"; };
		BD625329251D984B001B6B1E /* BindingAndComponents.swift */ = {isa = PBXFileReference; lastKnownFileType = sourcecode.swift; path = BindingAndComponents.swift; sourceTree = "<group>"; };
		BDBA8024251E4EF70004F2CB /* NavigationViewTests.swift */ = {isa = PBXFileReference; lastKnownFileType = sourcecode.swift; path = NavigationViewTests.swift; sourceTree = "<group>"; };
		BDBA802D251E73280004F2CB /* ColoredView.swift */ = {isa = PBXFileReference; lastKnownFileType = sourcecode.swift; path = ColoredView.swift; sourceTree = "<group>"; };
		BDE5CF48251CEED30038AE7F /* SwiftUI tests.app */ = {isa = PBXFileReference; explicitFileType = wrapper.application; includeInIndex = 0; path = "SwiftUI tests.app"; sourceTree = BUILT_PRODUCTS_DIR; };
		BDE5CF4B251CEED30038AE7F /* AppDelegate.swift */ = {isa = PBXFileReference; lastKnownFileType = sourcecode.swift; path = AppDelegate.swift; sourceTree = "<group>"; };
		BDE5CF4D251CEED30038AE7F /* SceneDelegate.swift */ = {isa = PBXFileReference; lastKnownFileType = sourcecode.swift; path = SceneDelegate.swift; sourceTree = "<group>"; };
		BDE5CF4F251CEED30038AE7F /* ContentView.swift */ = {isa = PBXFileReference; lastKnownFileType = sourcecode.swift; path = ContentView.swift; sourceTree = "<group>"; };
		BDE5CF51251CEED50038AE7F /* Assets.xcassets */ = {isa = PBXFileReference; lastKnownFileType = folder.assetcatalog; path = Assets.xcassets; sourceTree = "<group>"; };
		BDE5CF54251CEED50038AE7F /* Preview Assets.xcassets */ = {isa = PBXFileReference; lastKnownFileType = folder.assetcatalog; path = "Preview Assets.xcassets"; sourceTree = "<group>"; };
		BDE5CF57251CEED50038AE7F /* Base */ = {isa = PBXFileReference; lastKnownFileType = file.storyboard; name = Base; path = Base.lproj/LaunchScreen.storyboard; sourceTree = "<group>"; };
		BDE5CF59251CEED50038AE7F /* Info.plist */ = {isa = PBXFileReference; lastKnownFileType = text.plist.xml; path = Info.plist; sourceTree = "<group>"; };
/* End PBXFileReference section */

/* Begin PBXFrameworksBuildPhase section */
		BDE5CF45251CEED30038AE7F /* Frameworks */ = {
			isa = PBXFrameworksBuildPhase;
			buildActionMask = 2147483647;
			files = (
			);
			runOnlyForDeploymentPostprocessing = 0;
		};
/* End PBXFrameworksBuildPhase section */

/* Begin PBXGroup section */
		BD0D16F2251D9587005B083B /* SingleComponents */ = {
			isa = PBXGroup;
			children = (
				BD0D16EF251D957D005B083B /* SliderComponent.swift */,
			);
			path = SingleComponents;
			sourceTree = "<group>";
		};
		BDE5CF3F251CEED30038AE7F = {
			isa = PBXGroup;
			children = (
				BDE5CF4A251CEED30038AE7F /* SwiftUI tests */,
				BDE5CF49251CEED30038AE7F /* Products */,
			);
			sourceTree = "<group>";
		};
		BDE5CF49251CEED30038AE7F /* Products */ = {
			isa = PBXGroup;
			children = (
				BDE5CF48251CEED30038AE7F /* SwiftUI tests.app */,
			);
			name = Products;
			sourceTree = "<group>";
		};
		BDE5CF4A251CEED30038AE7F /* SwiftUI tests */ = {
			isa = PBXGroup;
			children = (
				BD0D16CC251CF74D005B083B /* Utils.swift */,
				BDE5CF61251CEF950038AE7F /* app */,
				BDE5CF62251CEF9D0038AE7F /* views */,
				BDE5CF63251CEFA50038AE7F /* resources */,
				BDE5CF53251CEED50038AE7F /* Preview Content */,
			);
			path = "SwiftUI tests";
			sourceTree = "<group>";
		};
		BDE5CF53251CEED50038AE7F /* Preview Content */ = {
			isa = PBXGroup;
			children = (
				BDE5CF54251CEED50038AE7F /* Preview Assets.xcassets */,
			);
			path = "Preview Content";
			sourceTree = "<group>";
		};
		BDE5CF61251CEF950038AE7F /* app */ = {
			isa = PBXGroup;
			children = (
				BDE5CF4B251CEED30038AE7F /* AppDelegate.swift */,
				BDE5CF4D251CEED30038AE7F /* SceneDelegate.swift */,
				BDE5CF59251CEED50038AE7F /* Info.plist */,
			);
			path = app;
			sourceTree = "<group>";
		};
		BDE5CF62251CEF9D0038AE7F /* views */ = {
			isa = PBXGroup;
			children = (
				BDE5CF4F251CEED30038AE7F /* ContentView.swift */,
				BD0D16F2251D9587005B083B /* SingleComponents */,
				BD0D16C9251CF620005B083B /* TextComponents.swift */,
				BD0D16D1251D1916005B083B /* ImageComponents.swift */,
				BD0D16D9251D701F005B083B /* ButtonComponents.swift */,
				BD0D16E9251D861B005B083B /* StatePropertiesTest.swift */,
				BD0D16EC251D8B8C005B083B /* SFSymbolsTest.swift */,
				BD625329251D984B001B6B1E /* BindingAndComponents.swift */,
				BDBA8024251E4EF70004F2CB /* NavigationViewTests.swift */,
				BDBA802D251E73280004F2CB /* ColoredView.swift */,
			);
			path = views;
			sourceTree = "<group>";
		};
		BDE5CF63251CEFA50038AE7F /* resources */ = {
			isa = PBXGroup;
			children = (
				BD0D16E4251D7372005B083B /* profileIcon.png */,
				BD0D16D5251D19C7005B083B /* wwoman.jpg */,
				BDE5CF64251CEFBD0038AE7F /* 00 */,
			);
			path = resources;
			sourceTree = "<group>";
		};
		BDE5CF64251CEFBD0038AE7F /* 00 */ = {
			isa = PBXGroup;
			children = (
				BDE5CF56251CEED50038AE7F /* LaunchScreen.storyboard */,
				BDE5CF51251CEED50038AE7F /* Assets.xcassets */,
			);
			path = 00;
			sourceTree = "<group>";
		};
/* End PBXGroup section */

/* Begin PBXNativeTarget section */
		BDE5CF47251CEED30038AE7F /* SwiftUI tests */ = {
			isa = PBXNativeTarget;
			buildConfigurationList = BDE5CF5C251CEED50038AE7F /* Build configuration list for PBXNativeTarget "SwiftUI tests" */;
			buildPhases = (
				BDE5CF44251CEED30038AE7F /* Sources */,
				BDE5CF45251CEED30038AE7F /* Frameworks */,
				BDE5CF46251CEED30038AE7F /* Resources */,
			);
			buildRules = (
			);
			dependencies = (
			);
			name = "SwiftUI tests";
			productName = "SwiftUI tests";
			productReference = BDE5CF48251CEED30038AE7F /* SwiftUI tests.app */;
			productType = "com.apple.product-type.application";
		};
/* End PBXNativeTarget section */

/* Begin PBXProject section */
		BDE5CF40251CEED30038AE7F /* Project object */ = {
			isa = PBXProject;
			attributes = {
				LastSwiftUpdateCheck = 1200;
				LastUpgradeCheck = 1200;
				TargetAttributes = {
					BDE5CF47251CEED30038AE7F = {
						CreatedOnToolsVersion = 12.0;
					};
				};
			};
			buildConfigurationList = BDE5CF43251CEED30038AE7F /* Build configuration list for PBXProject "SwiftUI tests" */;
			compatibilityVersion = "Xcode 9.3";
			developmentRegion = en;
			hasScannedForEncodings = 0;
			knownRegions = (
				en,
				Base,
			);
			mainGroup = BDE5CF3F251CEED30038AE7F;
			productRefGroup = BDE5CF49251CEED30038AE7F /* Products */;
			projectDirPath = "";
			projectRoot = "";
			targets = (
				BDE5CF47251CEED30038AE7F /* SwiftUI tests */,
			);
		};
/* End PBXProject section */

/* Begin PBXResourcesBuildPhase section */
		BDE5CF46251CEED30038AE7F /* Resources */ = {
			isa = PBXResourcesBuildPhase;
			buildActionMask = 2147483647;
			files = (
				BDE5CF58251CEED50038AE7F /* LaunchScreen.storyboard in Resources */,
				BDE5CF55251CEED50038AE7F /* Preview Assets.xcassets in Resources */,
				BD0D16D6251D19C7005B083B /* wwoman.jpg in Resources */,
				BDE5CF52251CEED50038AE7F /* Assets.xcassets in Resources */,
				BD0D16E5251D7372005B083B /* profileIcon.png in Resources */,
			);
			runOnlyForDeploymentPostprocessing = 0;
		};
/* End PBXResourcesBuildPhase section */

/* Begin PBXSourcesBuildPhase section */
		BDE5CF44251CEED30038AE7F /* Sources */ = {
			isa = PBXSourcesBuildPhase;
			buildActionMask = 2147483647;
			files = (
				BD0D16CD251CF74D005B083B /* Utils.swift in Sources */,
				BDE5CF4C251CEED30038AE7F /* AppDelegate.swift in Sources */,
				BD0D16EA251D861B005B083B /* StatePropertiesTest.swift in Sources */,
				BD0D16DA251D701F005B083B /* ButtonComponents.swift in Sources */,
				BDE5CF4E251CEED30038AE7F /* SceneDelegate.swift in Sources */,
				BD0D16D2251D1916005B083B /* ImageComponents.swift in Sources */,
				BDBA8025251E4EF70004F2CB /* NavigationViewTests.swift in Sources */,
				BD0D16F0251D957D005B083B /* SliderComponent.swift in Sources */,
				BD0D16CA251CF620005B083B /* TextComponents.swift in Sources */,
				BDE5CF50251CEED30038AE7F /* ContentView.swift in Sources */,
				BD0D16ED251D8B8C005B083B /* SFSymbolsTest.swift in Sources */,
				BD62532A251D984B001B6B1E /* BindingAndComponents.swift in Sources */,
				BDBA802E251E73280004F2CB /* ColoredView.swift in Sources */,
			);
			runOnlyForDeploymentPostprocessing = 0;
		};
/* End PBXSourcesBuildPhase section */

/* Begin PBXVariantGroup section */
		BDE5CF56251CEED50038AE7F /* LaunchScreen.storyboard */ = {
			isa = PBXVariantGroup;
			children = (
				BDE5CF57251CEED50038AE7F /* Base */,
			);
			name = LaunchScreen.storyboard;
			sourceTree = "<group>";
		};
/* End PBXVariantGroup section */

/* Begin XCBuildConfiguration section */
		BDE5CF5A251CEED50038AE7F /* Debug */ = {
			isa = XCBuildConfiguration;
			buildSettings = {
				ALWAYS_SEARCH_USER_PATHS = NO;
				CLANG_ANALYZER_NONNULL = YES;
				CLANG_ANALYZER_NUMBER_OBJECT_CONVERSION = YES_AGGRESSIVE;
				CLANG_CXX_LANGUAGE_STANDARD = "gnu++14";
				CLANG_CXX_LIBRARY = "libc++";
				CLANG_ENABLE_MODULES = YES;
				CLANG_ENABLE_OBJC_ARC = YES;
				CLANG_ENABLE_OBJC_WEAK = YES;
				CLANG_WARN_BLOCK_CAPTURE_AUTORELEASING = YES;
				CLANG_WARN_BOOL_CONVERSION = YES;
				CLANG_WARN_COMMA = YES;
				CLANG_WARN_CONSTANT_CONVERSION = YES;
				CLANG_WARN_DEPRECATED_OBJC_IMPLEMENTATIONS = YES;
				CLANG_WARN_DIRECT_OBJC_ISA_USAGE = YES_ERROR;
				CLANG_WARN_DOCUMENTATION_COMMENTS = YES;
				CLANG_WARN_EMPTY_BODY = YES;
				CLANG_WARN_ENUM_CONVERSION = YES;
				CLANG_WARN_INFINITE_RECURSION = YES;
				CLANG_WARN_INT_CONVERSION = YES;
				CLANG_WARN_NON_LITERAL_NULL_CONVERSION = YES;
				CLANG_WARN_OBJC_IMPLICIT_RETAIN_SELF = YES;
				CLANG_WARN_OBJC_LITERAL_CONVERSION = YES;
				CLANG_WARN_OBJC_ROOT_CLASS = YES_ERROR;
				CLANG_WARN_QUOTED_INCLUDE_IN_FRAMEWORK_HEADER = YES;
				CLANG_WARN_RANGE_LOOP_ANALYSIS = YES;
				CLANG_WARN_STRICT_PROTOTYPES = YES;
				CLANG_WARN_SUSPICIOUS_MOVE = YES;
				CLANG_WARN_UNGUARDED_AVAILABILITY = YES_AGGRESSIVE;
				CLANG_WARN_UNREACHABLE_CODE = YES;
				CLANG_WARN__DUPLICATE_METHOD_MATCH = YES;
				COPY_PHASE_STRIP = NO;
				DEBUG_INFORMATION_FORMAT = dwarf;
				ENABLE_STRICT_OBJC_MSGSEND = YES;
				ENABLE_TESTABILITY = YES;
				GCC_C_LANGUAGE_STANDARD = gnu11;
				GCC_DYNAMIC_NO_PIC = NO;
				GCC_NO_COMMON_BLOCKS = YES;
				GCC_OPTIMIZATION_LEVEL = 0;
				GCC_PREPROCESSOR_DEFINITIONS = (
					"DEBUG=1",
					"$(inherited)",
				);
				GCC_WARN_64_TO_32_BIT_CONVERSION = YES;
				GCC_WARN_ABOUT_RETURN_TYPE = YES_ERROR;
				GCC_WARN_UNDECLARED_SELECTOR = YES;
				GCC_WARN_UNINITIALIZED_AUTOS = YES_AGGRESSIVE;
				GCC_WARN_UNUSED_FUNCTION = YES;
				GCC_WARN_UNUSED_VARIABLE = YES;
				IPHONEOS_DEPLOYMENT_TARGET = 14.0;
				MTL_ENABLE_DEBUG_INFO = INCLUDE_SOURCE;
				MTL_FAST_MATH = YES;
				ONLY_ACTIVE_ARCH = YES;
				SDKROOT = iphoneos;
				SWIFT_ACTIVE_COMPILATION_CONDITIONS = DEBUG;
				SWIFT_OPTIMIZATION_LEVEL = "-Onone";
			};
			name = Debug;
		};
		BDE5CF5B251CEED50038AE7F /* Release */ = {
			isa = XCBuildConfiguration;
			buildSettings = {
				ALWAYS_SEARCH_USER_PATHS = NO;
				CLANG_ANALYZER_NONNULL = YES;
				CLANG_ANALYZER_NUMBER_OBJECT_CONVERSION = YES_AGGRESSIVE;
				CLANG_CXX_LANGUAGE_STANDARD = "gnu++14";
				CLANG_CXX_LIBRARY = "libc++";
				CLANG_ENABLE_MODULES = YES;
				CLANG_ENABLE_OBJC_ARC = YES;
				CLANG_ENABLE_OBJC_WEAK = YES;
				CLANG_WARN_BLOCK_CAPTURE_AUTORELEASING = YES;
				CLANG_WARN_BOOL_CONVERSION = YES;
				CLANG_WARN_COMMA = YES;
				CLANG_WARN_CONSTANT_CONVERSION = YES;
				CLANG_WARN_DEPRECATED_OBJC_IMPLEMENTATIONS = YES;
				CLANG_WARN_DIRECT_OBJC_ISA_USAGE = YES_ERROR;
				CLANG_WARN_DOCUMENTATION_COMMENTS = YES;
				CLANG_WARN_EMPTY_BODY = YES;
				CLANG_WARN_ENUM_CONVERSION = YES;
				CLANG_WARN_INFINITE_RECURSION = YES;
				CLANG_WARN_INT_CONVERSION = YES;
				CLANG_WARN_NON_LITERAL_NULL_CONVERSION = YES;
				CLANG_WARN_OBJC_IMPLICIT_RETAIN_SELF = YES;
				CLANG_WARN_OBJC_LITERAL_CONVERSION = YES;
				CLANG_WARN_OBJC_ROOT_CLASS = YES_ERROR;
				CLANG_WARN_QUOTED_INCLUDE_IN_FRAMEWORK_HEADER = YES;
				CLANG_WARN_RANGE_LOOP_ANALYSIS = YES;
				CLANG_WARN_STRICT_PROTOTYPES = YES;
				CLANG_WARN_SUSPICIOUS_MOVE = YES;
				CLANG_WARN_UNGUARDED_AVAILABILITY = YES_AGGRESSIVE;
				CLANG_WARN_UNREACHABLE_CODE = YES;
				CLANG_WARN__DUPLICATE_METHOD_MATCH = YES;
				COPY_PHASE_STRIP = NO;
				DEBUG_INFORMATION_FORMAT = "dwarf-with-dsym";
				ENABLE_NS_ASSERTIONS = NO;
				ENABLE_STRICT_OBJC_MSGSEND = YES;
				GCC_C_LANGUAGE_STANDARD = gnu11;
				GCC_NO_COMMON_BLOCKS = YES;
				GCC_WARN_64_TO_32_BIT_CONVERSION = YES;
				GCC_WARN_ABOUT_RETURN_TYPE = YES_ERROR;
				GCC_WARN_UNDECLARED_SELECTOR = YES;
				GCC_WARN_UNINITIALIZED_AUTOS = YES_AGGRESSIVE;
				GCC_WARN_UNUSED_FUNCTION = YES;
				GCC_WARN_UNUSED_VARIABLE = YES;
				IPHONEOS_DEPLOYMENT_TARGET = 14.0;
				MTL_ENABLE_DEBUG_INFO = NO;
				MTL_FAST_MATH = YES;
				SDKROOT = iphoneos;
				SWIFT_COMPILATION_MODE = wholemodule;
				SWIFT_OPTIMIZATION_LEVEL = "-O";
				VALIDATE_PRODUCT = YES;
			};
			name = Release;
		};
		BDE5CF5D251CEED50038AE7F /* Debug */ = {
			isa = XCBuildConfiguration;
			buildSettings = {
				ASSETCATALOG_COMPILER_APPICON_NAME = AppIcon;
				ASSETCATALOG_COMPILER_GLOBAL_ACCENT_COLOR_NAME = AccentColor;
				CODE_SIGN_STYLE = Automatic;
				DEVELOPMENT_ASSET_PATHS = "\"SwiftUI tests/Preview Content\"";
				DEVELOPMENT_TEAM = SW8S5Y74E8;
				ENABLE_PREVIEWS = YES;
				INFOPLIST_FILE = "SwiftUI tests/app/Info.plist";
				IPHONEOS_DEPLOYMENT_TARGET = 13.6;
				LD_RUNPATH_SEARCH_PATHS = (
					"$(inherited)",
					"@executable_path/Frameworks",
				);
				PRODUCT_BUNDLE_IDENTIFIER = "com.gatoLab.SwiftUI-tests";
				PRODUCT_NAME = "$(TARGET_NAME)";
				SWIFT_VERSION = 5.0;
				TARGETED_DEVICE_FAMILY = 1;
			};
			name = Debug;
		};
		BDE5CF5E251CEED50038AE7F /* Release */ = {
			isa = XCBuildConfiguration;
			buildSettings = {
				ASSETCATALOG_COMPILER_APPICON_NAME = AppIcon;
				ASSETCATALOG_COMPILER_GLOBAL_ACCENT_COLOR_NAME = AccentColor;
				CODE_SIGN_STYLE = Automatic;
				DEVELOPMENT_ASSET_PATHS = "\"SwiftUI tests/Preview Content\"";
				DEVELOPMENT_TEAM = SW8S5Y74E8;
				ENABLE_PREVIEWS = YES;
				INFOPLIST_FILE = "SwiftUI tests/app/Info.plist";
				IPHONEOS_DEPLOYMENT_TARGET = 13.6;
				LD_RUNPATH_SEARCH_PATHS = (
					"$(inherited)",
					"@executable_path/Frameworks",
				);
				PRODUCT_BUNDLE_IDENTIFIER = "com.gatoLab.SwiftUI-tests";
				PRODUCT_NAME = "$(TARGET_NAME)";
				SWIFT_VERSION = 5.0;
				TARGETED_DEVICE_FAMILY = 1;
			};
			name = Release;
		};
/* End XCBuildConfiguration section */

/* Begin XCConfigurationList section */
		BDE5CF43251CEED30038AE7F /* Build configuration list for PBXProject "SwiftUI tests" */ = {
			isa = XCConfigurationList;
			buildConfigurations = (
				BDE5CF5A251CEED50038AE7F /* Debug */,
				BDE5CF5B251CEED50038AE7F /* Release */,
			);
			defaultConfigurationIsVisible = 0;
			defaultConfigurationName = Release;
		};
		BDE5CF5C251CEED50038AE7F /* Build configuration list for PBXNativeTarget "SwiftUI tests" */ = {
			isa = XCConfigurationList;
			buildConfigurations = (
				BDE5CF5D251CEED50038AE7F /* Debug */,
				BDE5CF5E251CEED50038AE7F /* Release */,
			);
			defaultConfigurationIsVisible = 0;
			defaultConfigurationName = Release;
		};
/* End XCConfigurationList section */
	};
	rootObject = BDE5CF40251CEED30038AE7F /* Project object */;
}
